{
  "pins" : [
    {
      "identity" : "findmyipajits",
      "kind" : "remoteSourceControl",
      "location" : "https://github.com/ProAjit/FindMyIPAjitS",
      "state" : {
        "branch" : "main",
        "revision" : "472ec6d9d1085bf96a7e4ec3a6ee09d34e82443b"
      }
    }
  ],
  "version" : 2
}
