// !$*UTF8*$!
{
	archiveVersion = 1;
	classes = {
	};
	objectVersion = 56;
	objects = {

/* Begin PBXBuildFile section */
		B50AA0322B4BA64C009F2F5E /* FindMyIPAjitS in Frameworks */ = {isa = PBXBuildFile; productRef = B50AA0312B4BA64C009F2F5E /* FindMyIPAjitS */; };
		B50AA0342B4BA6F2009F2F5E /* WithLocalDependancy.png in Resources */ = {isa = PBXBuildFile; fileRef = B50AA0332B4BA6F2009F2F5E /* WithLocalDependancy.png */; };
		B50AA0372B4C020D009F2F5E /* FindMyIPAjitS in Frameworks */ = {isa = PBXBuildFile; productRef = B50AA0362B4C020D009F2F5E /* FindMyIPAjitS */; };
		B5420E612B49EC3C001FA361 /* FindMyIPAjitS in Frameworks */ = {isa = PBXBuildFile; productRef = B5420E602B49EC3C001FA361 /* FindMyIPAjitS */; };
		B5420E642B49EC67001FA361 /* FindMyIPAjitS in Frameworks */ = {isa = PBXBuildFile; productRef = B5420E632B49EC67001FA361 /* FindMyIPAjitS */; };
		B5420E672B49ECDF001FA361 /* FindMyIPAjitS in Frameworks */ = {isa = PBXBuildFile; productRef = B5420E662B49ECDF001FA361 /* FindMyIPAjitS */; };
		B5420E6D2B49F5C6001FA361 /* FindMyIPAjitS in Frameworks */ = {isa = PBXBuildFile; productRef = B5420E6C2B49F5C6001FA361 /* FindMyIPAjitS */; };
		B5420E722B49F6D5001FA361 /* ReferenceScreenshot.png in Resources */ = {isa = PBXBuildFile; fileRef = B5420E712B49F6D5001FA361 /* ReferenceScreenshot.png */; };
		B5420E742B49FC11001FA361 /* ErrorTestScreenshot.png in Resources */ = {isa = PBXBuildFile; fileRef = B5420E732B49FC10001FA361 /* ErrorTestScreenshot.png */; };
		B5420E762B49FC25001FA361 /* UnitTestCase93%.png in Resources */ = {isa = PBXBuildFile; fileRef = B5420E752B49FC25001FA361 /* UnitTestCase93%.png */; };
		B5A137AF2B4996DE00C66DE5 /* MainAppApp.swift in Sources */ = {isa = PBXBuildFile; fileRef = B5A137AE2B4996DE00C66DE5 /* MainAppApp.swift */; };
		B5A137B12B4996DE00C66DE5 /* ContentView.swift in Sources */ = {isa = PBXBuildFile; fileRef = B5A137B02B4996DE00C66DE5 /* ContentView.swift */; };
		B5A137B32B4996E000C66DE5 /* Assets.xcassets in Resources */ = {isa = PBXBuildFile; fileRef = B5A137B22B4996E000C66DE5 /* Assets.xcassets */; };
		B5A137B62B4996E000C66DE5 /* Preview Assets.xcassets in Resources */ = {isa = PBXBuildFile; fileRef = B5A137B52B4996E000C66DE5 /* Preview Assets.xcassets */; };
		B5A137C02B4996E100C66DE5 /* MainAppTests.swift in Sources */ = {isa = PBXBuildFile; fileRef = B5A137BF2B4996E100C66DE5 /* MainAppTests.swift */; };
		B5A137CA2B4996E100C66DE5 /* MainAppUITests.swift in Sources */ = {isa = PBXBuildFile; fileRef = B5A137C92B4996E100C66DE5 /* MainAppUITests.swift */; };
		B5A137CC2B4996E100C66DE5 /* MainAppUITestsLaunchTests.swift in Sources */ = {isa = PBXBuildFile; fileRef = B5A137CB2B4996E100C66DE5 /* MainAppUITestsLaunchTests.swift */; };
/* End PBXBuildFile section */

/* Begin PBXContainerItemProxy section */
		B5A137BC2B4996E100C66DE5 /* PBXContainerItemProxy */ = {
			isa = PBXContainerItemProxy;
			containerPortal = B5A137A32B4996DE00C66DE5 /* Project object */;
			proxyType = 1;
			remoteGlobalIDString = B5A137AA2B4996DE00C66DE5;
			remoteInfo = MainApp;
		};
		B5A137C62B4996E100C66DE5 /* PBXContainerItemProxy */ = {
			isa = PBXContainerItemProxy;
			containerPortal = B5A137A32B4996DE00C66DE5 /* Project object */;
			proxyType = 1;
			remoteGlobalIDString = B5A137AA2B4996DE00C66DE5;
			remoteInfo = MainApp;
		};
/* End PBXContainerItemProxy section */

/* Begin PBXFileReference section */
		B50AA0332B4BA6F2009F2F5E /* WithLocalDependancy.png */ = {isa = PBXFileReference; lastKnownFileType = image.png; path = WithLocalDependancy.png; sourceTree = "<group>"; };
		B5420E712B49F6D5001FA361 /* ReferenceScreenshot.png */ = {isa = PBXFileReference; lastKnownFileType = image.png; path = ReferenceScreenshot.png; sourceTree = "<group>"; };
		B5420E732B49FC10001FA361 /* ErrorTestScreenshot.png */ = {isa = PBXFileReference; lastKnownFileType = image.png; path = ErrorTestScreenshot.png; sourceTree = "<group>"; };
		B5420E752B49FC25001FA361 /* UnitTestCase93%.png */ = {isa = PBXFileReference; lastKnownFileType = image.png; path = "UnitTestCase93%.png"; sourceTree = "<group>"; };
		B5A137AB2B4996DE00C66DE5 /* MainApp.app */ = {isa = PBXFileReference; explicitFileType = wrapper.application; includeInIndex = 0; path = MainApp.app; sourceTree = BUILT_PRODUCTS_DIR; };
		B5A137AE2B4996DE00C66DE5 /* MainAppApp.swift */ = {isa = PBXFileReference; lastKnownFileType = sourcecode.swift; path = MainAppApp.swift; sourceTree = "<group>"; };
		B5A137B02B4996DE00C66DE5 /* ContentView.swift */ = {isa = PBXFileReference; lastKnownFileType = sourcecode.swift; path = ContentView.swift; sourceTree = "<group>"; };
		B5A137B22B4996E000C66DE5 /* Assets.xcassets */ = {isa = PBXFileReference; lastKnownFileType = folder.assetcatalog; path = Assets.xcassets; sourceTree = "<group>"; };
		B5A137B52B4996E000C66DE5 /* Preview Assets.xcassets */ = {isa = PBXFileReference; lastKnownFileType = folder.assetcatalog; path = "Preview Assets.xcassets"; sourceTree = "<group>"; };
		B5A137BB2B4996E100C66DE5 /* MainAppTests.xctest */ = {isa = PBXFileReference; explicitFileType = wrapper.cfbundle; includeInIndex = 0; path = MainAppTests.xctest; sourceTree = BUILT_PRODUCTS_DIR; };
		B5A137BF2B4996E100C66DE5 /* MainAppTests.swift */ = {isa = PBXFileReference; lastKnownFileType = sourcecode.swift; path = MainAppTests.swift; sourceTree = "<group>"; };
		B5A137C52B4996E100C66DE5 /* MainAppUITests.xctest */ = {isa = PBXFileReference; explicitFileType = wrapper.cfbundle; includeInIndex = 0; path = MainAppUITests.xctest; sourceTree = BUILT_PRODUCTS_DIR; };
		B5A137C92B4996E100C66DE5 /* MainAppUITests.swift */ = {isa = PBXFileReference; lastKnownFileType = sourcecode.swift; path = MainAppUITests.swift; sourceTree = "<group>"; };
		B5A137CB2B4996E100C66DE5 /* MainAppUITestsLaunchTests.swift */ = {isa = PBXFileReference; lastKnownFileType = sourcecode.swift; path = MainAppUITestsLaunchTests.swift; sourceTree = "<group>"; };
/* End PBXFileReference section */

/* Begin PBXFrameworksBuildPhase section */
		B5A137A82B4996DE00C66DE5 /* Frameworks */ = {
			isa = PBXFrameworksBuildPhase;
			buildActionMask = 2147483647;
			files = (
				B50AA0372B4C020D009F2F5E /* FindMyIPAjitS in Frameworks */,
				B5420E6D2B49F5C6001FA361 /* FindMyIPAjitS in Frameworks */,
				B5420E642B49EC67001FA361 /* FindMyIPAjitS in Frameworks */,
				B5420E612B49EC3C001FA361 /* FindMyIPAjitS in Frameworks */,
				B5420E672B49ECDF001FA361 /* FindMyIPAjitS in Frameworks */,
				B50AA0322B4BA64C009F2F5E /* FindMyIPAjitS in Frameworks */,
			);
			runOnlyForDeploymentPostprocessing = 0;
		};
		B5A137B82B4996E100C66DE5 /* Frameworks */ = {
			isa = PBXFrameworksBuildPhase;
			buildActionMask = 2147483647;
			files = (
			);
			runOnlyForDeploymentPostprocessing = 0;
		};
		B5A137C22B4996E100C66DE5 /* Frameworks */ = {
			isa = PBXFrameworksBuildPhase;
			buildActionMask = 2147483647;
			files = (
			);
			runOnlyForDeploymentPostprocessing = 0;
		};
/* End PBXFrameworksBuildPhase section */

/* Begin PBXGroup section */
		B5A137A22B4996DE00C66DE5 = {
			isa = PBXGroup;
			children = (
				B5420E712B49F6D5001FA361 /* ReferenceScreenshot.png */,
				B50AA0332B4BA6F2009F2F5E /* WithLocalDependancy.png */,
				B5420E732B49FC10001FA361 /* ErrorTestScreenshot.png */,
				B5420E752B49FC25001FA361 /* UnitTestCase93%.png */,
				B5A137AD2B4996DE00C66DE5 /* MainApp */,
				B5A137BE2B4996E100C66DE5 /* MainAppTests */,
				B5A137C82B4996E100C66DE5 /* MainAppUITests */,
				B5A137AC2B4996DE00C66DE5 /* Products */,
			);
			sourceTree = "<group>";
		};
		B5A137AC2B4996DE00C66DE5 /* Products */ = {
			isa = PBXGroup;
			children = (
				B5A137AB2B4996DE00C66DE5 /* MainApp.app */,
				B5A137BB2B4996E100C66DE5 /* MainAppTests.xctest */,
				B5A137C52B4996E100C66DE5 /* MainAppUITests.xctest */,
			);
			name = Products;
			sourceTree = "<group>";
		};
		B5A137AD2B4996DE00C66DE5 /* MainApp */ = {
			isa = PBXGroup;
			children = (
				B5A137AE2B4996DE00C66DE5 /* MainAppApp.swift */,
				B5A137B02B4996DE00C66DE5 /* ContentView.swift */,
				B5A137B22B4996E000C66DE5 /* Assets.xcassets */,
				B5A137B42B4996E000C66DE5 /* Preview Content */,
			);
			path = MainApp;
			sourceTree = "<group>";
		};
		B5A137B42B4996E000C66DE5 /* Preview Content */ = {
			isa = PBXGroup;
			children = (
				B5A137B52B4996E000C66DE5 /* Preview Assets.xcassets */,
			);
			path = "Preview Content";
			sourceTree = "<group>";
		};
		B5A137BE2B4996E100C66DE5 /* MainAppTests */ = {
			isa = PBXGroup;
			children = (
				B5A137BF2B4996E100C66DE5 /* MainAppTests.swift */,
			);
			path = MainAppTests;
			sourceTree = "<group>";
		};
		B5A137C82B4996E100C66DE5 /* MainAppUITests */ = {
			isa = PBXGroup;
			children = (
				B5A137C92B4996E100C66DE5 /* MainAppUITests.swift */,
				B5A137CB2B4996E100C66DE5 /* MainAppUITestsLaunchTests.swift */,
			);
			path = MainAppUITests;
			sourceTree = "<group>";
		};
/* End PBXGroup section */

/* Begin PBXNativeTarget section */
		B5A137AA2B4996DE00C66DE5 /* MainApp */ = {
			isa = PBXNativeTarget;
			buildConfigurationList = B5A137CF2B4996E100C66DE5 /* Build configuration list for PBXNativeTarget "MainApp" */;
			buildPhases = (
				B5A137A72B4996DE00C66DE5 /* Sources */,
				B5A137A82B4996DE00C66DE5 /* Frameworks */,
				B5A137A92B4996DE00C66DE5 /* Resources */,
			);
			buildRules = (
			);
			dependencies = (
			);
			name = MainApp;
			packageProductDependencies = (
				B5420E602B49EC3C001FA361 /* FindMyIPAjitS */,
				B5420E632B49EC67001FA361 /* FindMyIPAjitS */,
				B5420E662B49ECDF001FA361 /* FindMyIPAjitS */,
				B5420E6C2B49F5C6001FA361 /* FindMyIPAjitS */,
				B50AA0312B4BA64C009F2F5E /* FindMyIPAjitS */,
				B50AA0362B4C020D009F2F5E /* FindMyIPAjitS */,
			);
			productName = MainApp;
			productReference = B5A137AB2B4996DE00C66DE5 /* MainApp.app */;
			productType = "com.apple.product-type.application";
		};
		B5A137BA2B4996E100C66DE5 /* MainAppTests */ = {
			isa = PBXNativeTarget;
			buildConfigurationList = B5A137D22B4996E100C66DE5 /* Build configuration list for PBXNativeTarget "MainAppTests" */;
			buildPhases = (
				B5A137B72B4996E100C66DE5 /* Sources */,
				B5A137B82B4996E100C66DE5 /* Frameworks */,
				B5A137B92B4996E100C66DE5 /* Resources */,
			);
			buildRules = (
			);
			dependencies = (
				B5A137BD2B4996E100C66DE5 /* PBXTargetDependency */,
			);
			name = MainAppTests;
			productName = MainAppTests;
			productReference = B5A137BB2B4996E100C66DE5 /* MainAppTests.xctest */;
			productType = "com.apple.product-type.bundle.unit-test";
		};
		B5A137C42B4996E100C66DE5 /* MainAppUITests */ = {
			isa = PBXNativeTarget;
			buildConfigurationList = B5A137D52B4996E100C66DE5 /* Build configuration list for PBXNativeTarget "MainAppUITests" */;
			buildPhases = (
				B5A137C12B4996E100C66DE5 /* Sources */,
				B5A137C22B4996E100C66DE5 /* Frameworks */,
				B5A137C32B4996E100C66DE5 /* Resources */,
			);
			buildRules = (
			);
			dependencies = (
				B5A137C72B4996E100C66DE5 /* PBXTargetDependency */,
			);
			name = MainAppUITests;
			productName = MainAppUITests;
			productReference = B5A137C52B4996E100C66DE5 /* MainAppUITests.xctest */;
			productType = "com.apple.product-type.bundle.ui-testing";
		};
/* End PBXNativeTarget section */

/* Begin PBXProject section */
		B5A137A32B4996DE00C66DE5 /* Project object */ = {
			isa = PBXProject;
			attributes = {
				BuildIndependentTargetsInParallel = 1;
				LastSwiftUpdateCheck = 1510;
				LastUpgradeCheck = 1510;
				TargetAttributes = {
					B5A137AA2B4996DE00C66DE5 = {
						CreatedOnToolsVersion = 15.1;
					};
					B5A137BA2B4996E100C66DE5 = {
						CreatedOnToolsVersion = 15.1;
						TestTargetID = B5A137AA2B4996DE00C66DE5;
					};
					B5A137C42B4996E100C66DE5 = {
						CreatedOnToolsVersion = 15.1;
						TestTargetID = B5A137AA2B4996DE00C66DE5;
					};
				};
			};
			buildConfigurationList = B5A137A62B4996DE00C66DE5 /* Build configuration list for PBXProject "MainApp" */;
			compatibilityVersion = "Xcode 14.0";
			developmentRegion = en;
			hasScannedForEncodings = 0;
			knownRegions = (
				en,
				Base,
			);
			mainGroup = B5A137A22B4996DE00C66DE5;
			packageReferences = (
				B50AA0352B4C020D009F2F5E /* XCRemoteSwiftPackageReference "FindMyIPAjitS" */,
			);
			productRefGroup = B5A137AC2B4996DE00C66DE5 /* Products */;
			projectDirPath = "";
			projectRoot = "";
			targets = (
				B5A137AA2B4996DE00C66DE5 /* MainApp */,
				B5A137BA2B4996E100C66DE5 /* MainAppTests */,
				B5A137C42B4996E100C66DE5 /* MainAppUITests */,
			);
		};
/* End PBXProject section */

/* Begin PBXResourcesBuildPhase section */
		B5A137A92B4996DE00C66DE5 /* Resources */ = {
			isa = PBXResourcesBuildPhase;
			buildActionMask = 2147483647;
			files = (
				B50AA0342B4BA6F2009F2F5E /* WithLocalDependancy.png in Resources */,
				B5420E722B49F6D5001FA361 /* ReferenceScreenshot.png in Resources */,
				B5420E762B49FC25001FA361 /* UnitTestCase93%.png in Resources */,
				B5A137B62B4996E000C66DE5 /* Preview Assets.xcassets in Resources */,
				B5420E742B49FC11001FA361 /* ErrorTestScreenshot.png in Resources */,
				B5A137B32B4996E000C66DE5 /* Assets.xcassets in Resources */,
			);
			runOnlyForDeploymentPostprocessing = 0;
		};
		B5A137B92B4996E100C66DE5 /* Resources */ = {
			isa = PBXResourcesBuildPhase;
			buildActionMask = 2147483647;
			files = (
			);
			runOnlyForDeploymentPostprocessing = 0;
		};
		B5A137C32B4996E100C66DE5 /* Resources */ = {
			isa = PBXResourcesBuildPhase;
			buildActionMask = 2147483647;
			files = (
			);
			runOnlyForDeploymentPostprocessing = 0;
		};
/* End PBXResourcesBuildPhase section */

/* Begin PBXSourcesBuildPhase section */
		B5A137A72B4996DE00C66DE5 /* Sources */ = {
			isa = PBXSourcesBuildPhase;
			buildActionMask = 2147483647;
			files = (
				B5A137B12B4996DE00C66DE5 /* ContentView.swift in Sources */,
				B5A137AF2B4996DE00C66DE5 /* MainAppApp.swift in Sources */,
			);
			runOnlyForDeploymentPostprocessing = 0;
		};
		B5A137B72B4996E100C66DE5 /* Sources */ = {
			isa = PBXSourcesBuildPhase;
			buildActionMask = 2147483647;
			files = (
				B5A137C02B4996E100C66DE5 /* MainAppTests.swift in Sources */,
			);
			runOnlyForDeploymentPostprocessing = 0;
		};
		B5A137C12B4996E100C66DE5 /* Sources */ = {
			isa = PBXSourcesBuildPhase;
			buildActionMask = 2147483647;
			files = (
				B5A137CA2B4996E100C66DE5 /* MainAppUITests.swift in Sources */,
				B5A137CC2B4996E100C66DE5 /* MainAppUITestsLaunchTests.swift in Sources */,
			);
			runOnlyForDeploymentPostprocessing = 0;
		};
/* End PBXSourcesBuildPhase section */

/* Begin PBXTargetDependency section */
		B5A137BD2B4996E100C66DE5 /* PBXTargetDependency */ = {
			isa = PBXTargetDependency;
			target = B5A137AA2B4996DE00C66DE5 /* MainApp */;
			targetProxy = B5A137BC2B4996E100C66DE5 /* PBXContainerItemProxy */;
		};
		B5A137C72B4996E100C66DE5 /* PBXTargetDependency */ = {
			isa = PBXTargetDependency;
			target = B5A137AA2B4996DE00C66DE5 /* MainApp */;
			targetProxy = B5A137C62B4996E100C66DE5 /* PBXContainerItemProxy */;
		};
/* End PBXTargetDependency section */

/* Begin XCBuildConfiguration section */
		B5A137CD2B4996E100C66DE5 /* Debug */ = {
			isa = XCBuildConfiguration;
			buildSettings = {
				ALWAYS_SEARCH_USER_PATHS = NO;
				ASSETCATALOG_COMPILER_GENERATE_SWIFT_ASSET_SYMBOL_EXTENSIONS = YES;
				CLANG_ANALYZER_NONNULL = YES;
				CLANG_ANALYZER_NUMBER_OBJECT_CONVERSION = YES_AGGRESSIVE;
				CLANG_CXX_LANGUAGE_STANDARD = "gnu++20";
				CLANG_ENABLE_MODULES = YES;
				CLANG_ENABLE_OBJC_ARC = YES;
				CLANG_ENABLE_OBJC_WEAK = YES;
				CLANG_WARN_BLOCK_CAPTURE_AUTORELEASING = YES;
				CLANG_WARN_BOOL_CONVERSION = YES;
				CLANG_WARN_COMMA = YES;
				CLANG_WARN_CONSTANT_CONVERSION = YES;
				CLANG_WARN_DEPRECATED_OBJC_IMPLEMENTATIONS = YES;
				CLANG_WARN_DIRECT_OBJC_ISA_USAGE = YES_ERROR;
				CLANG_WARN_DOCUMENTATION_COMMENTS = YES;
				CLANG_WARN_EMPTY_BODY = YES;
				CLANG_WARN_ENUM_CONVERSION = YES;
				CLANG_WARN_INFINITE_RECURSION = YES;
				CLANG_WARN_INT_CONVERSION = YES;
				CLANG_WARN_NON_LITERAL_NULL_CONVERSION = YES;
				CLANG_WARN_OBJC_IMPLICIT_RETAIN_SELF = YES;
				CLANG_WARN_OBJC_LITERAL_CONVERSION = YES;
				CLANG_WARN_OBJC_ROOT_CLASS = YES_ERROR;
				CLANG_WARN_QUOTED_INCLUDE_IN_FRAMEWORK_HEADER = YES;
				CLANG_WARN_RANGE_LOOP_ANALYSIS = YES;
				CLANG_WARN_STRICT_PROTOTYPES = YES;
				CLANG_WARN_SUSPICIOUS_MOVE = YES;
				CLANG_WARN_UNGUARDED_AVAILABILITY = YES_AGGRESSIVE;
				CLANG_WARN_UNREACHABLE_CODE = YES;
				CLANG_WARN__DUPLICATE_METHOD_MATCH = YES;
				COPY_PHASE_STRIP = NO;
				DEBUG_INFORMATION_FORMAT = dwarf;
				ENABLE_STRICT_OBJC_MSGSEND = YES;
				ENABLE_TESTABILITY = YES;
				ENABLE_USER_SCRIPT_SANDBOXING = YES;
				GCC_C_LANGUAGE_STANDARD = gnu17;
				GCC_DYNAMIC_NO_PIC = NO;
				GCC_NO_COMMON_BLOCKS = YES;
				GCC_OPTIMIZATION_LEVEL = 0;
				GCC_PREPROCESSOR_DEFINITIONS = (
					"DEBUG=1",
					"$(inherited)",
				);
				GCC_WARN_64_TO_32_BIT_CONVERSION = YES;
				GCC_WARN_ABOUT_RETURN_TYPE = YES_ERROR;
				GCC_WARN_UNDECLARED_SELECTOR = YES;
				GCC_WARN_UNINITIALIZED_AUTOS = YES_AGGRESSIVE;
				GCC_WARN_UNUSED_FUNCTION = YES;
				GCC_WARN_UNUSED_VARIABLE = YES;
				IPHONEOS_DEPLOYMENT_TARGET = 17.2;
				LOCALIZATION_PREFERS_STRING_CATALOGS = YES;
				MTL_ENABLE_DEBUG_INFO = INCLUDE_SOURCE;
				MTL_FAST_MATH = YES;
				ONLY_ACTIVE_ARCH = YES;
				SDKROOT = iphoneos;
				SWIFT_ACTIVE_COMPILATION_CONDITIONS = "DEBUG $(inherited)";
				SWIFT_OPTIMIZATION_LEVEL = "-Onone";
			};
			name = Debug;
		};
		B5A137CE2B4996E100C66DE5 /* Release */ = {
			isa = XCBuildConfiguration;
			buildSettings = {
				ALWAYS_SEARCH_USER_PATHS = NO;
				ASSETCATALOG_COMPILER_GENERATE_SWIFT_ASSET_SYMBOL_EXTENSIONS = YES;
				CLANG_ANALYZER_NONNULL = YES;
				CLANG_ANALYZER_NUMBER_OBJECT_CONVERSION = YES_AGGRESSIVE;
				CLANG_CXX_LANGUAGE_STANDARD = "gnu++20";
				CLANG_ENABLE_MODULES = YES;
				CLANG_ENABLE_OBJC_ARC = YES;
				CLANG_ENABLE_OBJC_WEAK = YES;
				CLANG_WARN_BLOCK_CAPTURE_AUTORELEASING = YES;
				CLANG_WARN_BOOL_CONVERSION = YES;
				CLANG_WARN_COMMA = YES;
				CLANG_WARN_CONSTANT_CONVERSION = YES;
				CLANG_WARN_DEPRECATED_OBJC_IMPLEMENTATIONS = YES;
				CLANG_WARN_DIRECT_OBJC_ISA_USAGE = YES_ERROR;
				CLANG_WARN_DOCUMENTATION_COMMENTS = YES;
				CLANG_WARN_EMPTY_BODY = YES;
				CLANG_WARN_ENUM_CONVERSION = YES;
				CLANG_WARN_INFINITE_RECURSION = YES;
				CLANG_WARN_INT_CONVERSION = YES;
				CLANG_WARN_NON_LITERAL_NULL_CONVERSION = YES;
				CLANG_WARN_OBJC_IMPLICIT_RETAIN_SELF = YES;
				CLANG_WARN_OBJC_LITERAL_CONVERSION = YES;
				CLANG_WARN_OBJC_ROOT_CLASS = YES_ERROR;
				CLANG_WARN_QUOTED_INCLUDE_IN_FRAMEWORK_HEADER = YES;
				CLANG_WARN_RANGE_LOOP_ANALYSIS = YES;
				CLANG_WARN_STRICT_PROTOTYPES = YES;
				CLANG_WARN_SUSPICIOUS_MOVE = YES;
				CLANG_WARN_UNGUARDED_AVAILABILITY = YES_AGGRESSIVE;
				CLANG_WARN_UNREACHABLE_CODE = YES;
				CLANG_WARN__DUPLICATE_METHOD_MATCH = YES;
				COPY_PHASE_STRIP = NO;
				DEBUG_INFORMATION_FORMAT = "dwarf-with-dsym";
				ENABLE_NS_ASSERTIONS = NO;
				ENABLE_STRICT_OBJC_MSGSEND = YES;
				ENABLE_USER_SCRIPT_SANDBOXING = YES;
				GCC_C_LANGUAGE_STANDARD = gnu17;
				GCC_NO_COMMON_BLOCKS = YES;
				GCC_WARN_64_TO_32_BIT_CONVERSION = YES;
				GCC_WARN_ABOUT_RETURN_TYPE = YES_ERROR;
				GCC_WARN_UNDECLARED_SELECTOR = YES;
				GCC_WARN_UNINITIALIZED_AUTOS = YES_AGGRESSIVE;
				GCC_WARN_UNUSED_FUNCTION = YES;
				GCC_WARN_UNUSED_VARIABLE = YES;
				IPHONEOS_DEPLOYMENT_TARGET = 17.2;
				LOCALIZATION_PREFERS_STRING_CATALOGS = YES;
				MTL_ENABLE_DEBUG_INFO = NO;
				MTL_FAST_MATH = YES;
				SDKROOT = iphoneos;
				SWIFT_COMPILATION_MODE = wholemodule;
				VALIDATE_PRODUCT = YES;
			};
			name = Release;
		};
		B5A137D02B4996E100C66DE5 /* Debug */ = {
			isa = XCBuildConfiguration;
			buildSettings = {
				ASSETCATALOG_COMPILER_APPICON_NAME = AppIcon;
				ASSETCATALOG_COMPILER_GLOBAL_ACCENT_COLOR_NAME = AccentColor;
				CODE_SIGN_STYLE = Automatic;
				CURRENT_PROJECT_VERSION = 1;
				DEVELOPMENT_ASSET_PATHS = "\"MainApp/Preview Content\"";
				DEVELOPMENT_TEAM = 4Y8B6F34DZ;
				ENABLE_PREVIEWS = YES;
				GENERATE_INFOPLIST_FILE = YES;
				INFOPLIST_KEY_UIApplicationSceneManifest_Generation = YES;
				INFOPLIST_KEY_UIApplicationSupportsIndirectInputEvents = YES;
				INFOPLIST_KEY_UILaunchScreen_Generation = YES;
				INFOPLIST_KEY_UISupportedInterfaceOrientations = UIInterfaceOrientationPortrait;
				LD_RUNPATH_SEARCH_PATHS = (
					"$(inherited)",
					"@executable_path/Frameworks",
				);
				MARKETING_VERSION = 1.0;
				PRODUCT_BUNDLE_IDENTIFIER = com.ajitsatarkar.MainApp;
				PRODUCT_NAME = "$(TARGET_NAME)";
				SWIFT_EMIT_LOC_STRINGS = YES;
				SWIFT_VERSION = 5.0;
				TARGETED_DEVICE_FAMILY = "1,2";
			};
			name = Debug;
		};
		B5A137D12B4996E100C66DE5 /* Release */ = {
			isa = XCBuildConfiguration;
			buildSettings = {
				ASSETCATALOG_COMPILER_APPICON_NAME = AppIcon;
				ASSETCATALOG_COMPILER_GLOBAL_ACCENT_COLOR_NAME = AccentColor;
				CODE_SIGN_STYLE = Automatic;
				CURRENT_PROJECT_VERSION = 1;
				DEVELOPMENT_ASSET_PATHS = "\"MainApp/Preview Content\"";
				DEVELOPMENT_TEAM = 4Y8B6F34DZ;
				ENABLE_PREVIEWS = YES;
				GENERATE_INFOPLIST_FILE = YES;
				INFOPLIST_KEY_UIApplicationSceneManifest_Generation = YES;
				INFOPLIST_KEY_UIApplicationSupportsIndirectInputEvents = YES;
				INFOPLIST_KEY_UILaunchScreen_Generation = YES;
				INFOPLIST_KEY_UISupportedInterfaceOrientations = UIInterfaceOrientationPortrait;
				LD_RUNPATH_SEARCH_PATHS = (
					"$(inherited)",
					"@executable_path/Frameworks",
				);
				MARKETING_VERSION = 1.0;
				PRODUCT_BUNDLE_IDENTIFIER = com.ajitsatarkar.MainApp;
				PRODUCT_NAME = "$(TARGET_NAME)";
				SWIFT_EMIT_LOC_STRINGS = YES;
				SWIFT_VERSION = 5.0;
				TARGETED_DEVICE_FAMILY = "1,2";
			};
			name = Release;
		};
		B5A137D32B4996E100C66DE5 /* Debug */ = {
			isa = XCBuildConfiguration;
			buildSettings = {
				ALWAYS_EMBED_SWIFT_STANDARD_LIBRARIES = YES;
				BUNDLE_LOADER = "$(TEST_HOST)";
				CODE_SIGN_STYLE = Automatic;
				CURRENT_PROJECT_VERSION = 1;
				DEVELOPMENT_TEAM = 4Y8B6F34DZ;
				GENERATE_INFOPLIST_FILE = YES;
				IPHONEOS_DEPLOYMENT_TARGET = 17.2;
				MARKETING_VERSION = 1.0;
				PRODUCT_BUNDLE_IDENTIFIER = com.ajitsatarkar.MainAppTests;
				PRODUCT_NAME = "$(TARGET_NAME)";
				SWIFT_EMIT_LOC_STRINGS = NO;
				SWIFT_VERSION = 5.0;
				TARGETED_DEVICE_FAMILY = "1,2";
				TEST_HOST = "$(BUILT_PRODUCTS_DIR)/MainApp.app/$(BUNDLE_EXECUTABLE_FOLDER_PATH)/MainApp";
			};
			name = Debug;
		};
		B5A137D42B4996E100C66DE5 /* Release */ = {
			isa = XCBuildConfiguration;
			buildSettings = {
				ALWAYS_EMBED_SWIFT_STANDARD_LIBRARIES = YES;
				BUNDLE_LOADER = "$(TEST_HOST)";
				CODE_SIGN_STYLE = Automatic;
				CURRENT_PROJECT_VERSION = 1;
				DEVELOPMENT_TEAM = 4Y8B6F34DZ;
				GENERATE_INFOPLIST_FILE = YES;
				IPHONEOS_DEPLOYMENT_TARGET = 17.2;
				MARKETING_VERSION = 1.0;
				PRODUCT_BUNDLE_IDENTIFIER = com.ajitsatarkar.MainAppTests;
				PRODUCT_NAME = "$(TARGET_NAME)";
				SWIFT_EMIT_LOC_STRINGS = NO;
				SWIFT_VERSION = 5.0;
				TARGETED_DEVICE_FAMILY = "1,2";
				TEST_HOST = "$(BUILT_PRODUCTS_DIR)/MainApp.app/$(BUNDLE_EXECUTABLE_FOLDER_PATH)/MainApp";
			};
			name = Release;
		};
		B5A137D62B4996E100C66DE5 /* Debug */ = {
			isa = XCBuildConfiguration;
			buildSettings = {
				ALWAYS_EMBED_SWIFT_STANDARD_LIBRARIES = YES;
				CODE_SIGN_STYLE = Automatic;
				CURRENT_PROJECT_VERSION = 1;
				DEVELOPMENT_TEAM = 4Y8B6F34DZ;
				GENERATE_INFOPLIST_FILE = YES;
				MARKETING_VERSION = 1.0;
				PRODUCT_BUNDLE_IDENTIFIER = com.ajitsatarkar.MainAppUITests;
				PRODUCT_NAME = "$(TARGET_NAME)";
				SWIFT_EMIT_LOC_STRINGS = NO;
				SWIFT_VERSION = 5.0;
				TARGETED_DEVICE_FAMILY = "1,2";
				TEST_TARGET_NAME = MainApp;
			};
			name = Debug;
		};
		B5A137D72B4996E100C66DE5 /* Release */ = {
			isa = XCBuildConfiguration;
			buildSettings = {
				ALWAYS_EMBED_SWIFT_STANDARD_LIBRARIES = YES;
				CODE_SIGN_STYLE = Automatic;
				CURRENT_PROJECT_VERSION = 1;
				DEVELOPMENT_TEAM = 4Y8B6F34DZ;
				GENERATE_INFOPLIST_FILE = YES;
				MARKETING_VERSION = 1.0;
				PRODUCT_BUNDLE_IDENTIFIER = com.ajitsatarkar.MainAppUITests;
				PRODUCT_NAME = "$(TARGET_NAME)";
				SWIFT_EMIT_LOC_STRINGS = NO;
				SWIFT_VERSION = 5.0;
				TARGETED_DEVICE_FAMILY = "1,2";
				TEST_TARGET_NAME = MainApp;
			};
			name = Release;
		};
/* End XCBuildConfiguration section */

/* Begin XCConfigurationList section */
		B5A137A62B4996DE00C66DE5 /* Build configuration list for PBXProject "MainApp" */ = {
			isa = XCConfigurationList;
			buildConfigurations = (
				B5A137CD2B4996E100C66DE5 /* Debug */,
				B5A137CE2B4996E100C66DE5 /* Release */,
			);
			defaultConfigurationIsVisible = 0;
			defaultConfigurationName = Release;
		};
		B5A137CF2B4996E100C66DE5 /* Build configuration list for PBXNativeTarget "MainApp" */ = {
			isa = XCConfigurationList;
			buildConfigurations = (
				B5A137D02B4996E100C66DE5 /* Debug */,
				B5A137D12B4996E100C66DE5 /* Release */,
			);
			defaultConfigurationIsVisible = 0;
			defaultConfigurationName = Release;
		};
		B5A137D22B4996E100C66DE5 /* Build configuration list for PBXNativeTarget "MainAppTests" */ = {
			isa = XCConfigurationList;
			buildConfigurations = (
				B5A137D32B4996E100C66DE5 /* Debug */,
				B5A137D42B4996E100C66DE5 /* Release */,
			);
			defaultConfigurationIsVisible = 0;
			defaultConfigurationName = Release;
		};
		B5A137D52B4996E100C66DE5 /* Build configuration list for PBXNativeTarget "MainAppUITests" */ = {
			isa = XCConfigurationList;
			buildConfigurations = (
				B5A137D62B4996E100C66DE5 /* Debug */,
				B5A137D72B4996E100C66DE5 /* Release */,
			);
			defaultConfigurationIsVisible = 0;
			defaultConfigurationName = Release;
		};
/* End XCConfigurationList section */

/* Begin XCRemoteSwiftPackageReference section */
		B50AA0352B4C020D009F2F5E /* XCRemoteSwiftPackageReference "FindMyIPAjitS" */ = {
			isa = XCRemoteSwiftPackageReference;
			repositoryURL = "https://github.com/ProAjit/FindMyIPAjitS";
			requirement = {
				branch = main;
				kind = branch;
			};
		};
/* End XCRemoteSwiftPackageReference section */

/* Begin XCSwiftPackageProductDependency section */
		B50AA0312B4BA64C009F2F5E /* FindMyIPAjitS */ = {
			isa = XCSwiftPackageProductDependency;
			productName = FindMyIPAjitS;
		};
		B50AA0362B4C020D009F2F5E /* FindMyIPAjitS */ = {
			isa = XCSwiftPackageProductDependency;
			package = B50AA0352B4C020D009F2F5E /* XCRemoteSwiftPackageReference "FindMyIPAjitS" */;
			productName = FindMyIPAjitS;
		};
		B5420E602B49EC3C001FA361 /* FindMyIPAjitS */ = {
			isa = XCSwiftPackageProductDependency;
			productName = FindMyIPAjitS;
		};
		B5420E632B49EC67001FA361 /* FindMyIPAjitS */ = {
			isa = XCSwiftPackageProductDependency;
			productName = FindMyIPAjitS;
		};
		B5420E662B49ECDF001FA361 /* FindMyIPAjitS */ = {
			isa = XCSwiftPackageProductDependency;
			productName = FindMyIPAjitS;
		};
		B5420E6C2B49F5C6001FA361 /* FindMyIPAjitS */ = {
			isa = XCSwiftPackageProductDependency;
			productName = FindMyIPAjitS;
		};
/* End XCSwiftPackageProductDependency section */
	};
	rootObject = B5A137A32B4996DE00C66DE5 /* Project object */;
}
